
Microsoft Visual Studio Solution File, Format Version 12.00
# Visual Studio Version 17
VisualStudioVersion = 17.7.34009.444
MinimumVisualStudioVersion = 10.0.40219.1
Project("{FAE04EC0-301F-11D3-BF4B-00C04F79EFBC}") = "CsExample", "CsExample\CsExample.csproj", "{E138C8D2-0928-4447-B521-F608E4567BD9}"
EndProject
Global
	GlobalSection(SolutionConfigurationPlatforms) = preSolution
		Debug|Any CPU = Debug|Any CPU
		Release|Any CPU = Release|Any CPU
	EndGlobalSection
	GlobalSection(ProjectConfigurationPlatforms) = postSolution
		{E138C8D2-0928-4447-B521-F608E4567BD9}.Debug|Any CPU.ActiveCfg = Debug|Any CPU
		{E138C8D2-0928-4447-B521-F608E4567BD9}.Debug|Any CPU.Build.0 = Debug|Any CPU
		{E138C8D2-0928-4447-B521-F608E4567BD9}.Release|Any CPU.ActiveCfg = Release|Any CPU
		{E138C8D2-0928-4447-B521-F608E4567BD9}.Release|Any CPU.Build.0 = Release|Any CPU
	EndGlobalSection
	GlobalSection(SolutionProperties) = preSolution
		HideSolutionNode = FALSE
	EndGlobalSection
	GlobalSection(ExtensibilityGlobals) = postSolution
		SolutionGuid = {99D12CD0-311E-482E-832B-AE9A71D8D19D}
	EndGlobalSection
EndGlobal
